
Microsoft Visual Studio Solution File, Format Version 12.00
# Visual Studio Version 16
VisualStudioVersion = 16.0.29306.81
MinimumVisualStudioVersion = 10.0.40219.1
Project("{FAE04EC0-301F-11D3-BF4B-00C04F79EFBC}") = "WEB190920Elso", "WEB190920Elso\WEB190920Elso.csproj", "{1ABF43D8-D98F-4358-A7DB-0CC48122A18F}"
EndProject
Global
	GlobalSection(SolutionConfigurationPlatforms) = preSolution
		Debug|Any CPU = Debug|Any CPU
		Release|Any CPU = Release|Any CPU
	EndGlobalSection
	GlobalSection(ProjectConfigurationPlatforms) = postSolution
		{1ABF43D8-D98F-4358-A7DB-0CC48122A18F}.Debug|Any CPU.ActiveCfg = Debug|Any CPU
		{1ABF43D8-D98F-4358-A7DB-0CC48122A18F}.Debug|Any CPU.Build.0 = Debug|Any CPU
		{1ABF43D8-D98F-4358-A7DB-0CC48122A18F}.Release|Any CPU.ActiveCfg = Release|Any CPU
		{1ABF43D8-D98F-4358-A7DB-0CC48122A18F}.Release|Any CPU.Build.0 = Release|Any CPU
	EndGlobalSection
	GlobalSection(SolutionProperties) = preSolution
		HideSolutionNode = FALSE
	EndGlobalSection
	GlobalSection(ExtensibilityGlobals) = postSolution
		SolutionGuid = {56D6E616-2825-4C1D-A05E-F7E0028EA189}
	EndGlobalSection
EndGlobal
